{
  "name": "PBL6_eCommerce_FE",
  "lockfileVersion": 2,
  "requires": true,
  "packages": {
    "": {
      "dependencies": {
        "@morioh/v-msg": "^1.0.4"
      }
    },
    "node_modules/@morioh/v-msg": {
      "version": "1.0.4",
      "resolved": "https://registry.npmjs.org/@morioh/v-msg/-/v-msg-1.0.4.tgz",
      "integrity": "sha512-ZA5tdNjOVQkktzMXqjmeiX6xxHkmGcAglxvTE/kzMyBi2XhlqPCmCdyseH7O5yOBGKJAxLaxaUEUU3QLuYu7aw==",
      "dependencies": {
        "vue": "^2.6.11"
      }
    },
    "node_modules/vue": {
      "version": "2.6.14",
      "resolved": "https://registry.npmjs.org/vue/-/vue-2.6.14.tgz",
      "integrity": "sha512-x2284lgYvjOMj3Za7kqzRcUSxBboHqtgRE2zlos1qWaOye5yUmHn42LB1250NJBLRwEcdrB0JRwyPTEPhfQjiQ=="
    }
  },
  "dependencies": {
    "@morioh/v-msg": {
      "version": "1.0.4",
      "resolved": "https://registry.npmjs.org/@morioh/v-msg/-/v-msg-1.0.4.tgz",
      "integrity": "sha512-ZA5tdNjOVQkktzMXqjmeiX6xxHkmGcAglxvTE/kzMyBi2XhlqPCmCdyseH7O5yOBGKJAxLaxaUEUU3QLuYu7aw==",
      "requires": {
        "vue": "^2.6.11"
      }
    },
    "vue": {
      "version": "2.6.14",
      "resolved": "https://registry.npmjs.org/vue/-/vue-2.6.14.tgz",
      "integrity": "sha512-x2284lgYvjOMj3Za7kqzRcUSxBboHqtgRE2zlos1qWaOye5yUmHn42LB1250NJBLRwEcdrB0JRwyPTEPhfQjiQ=="
    }
  }
}
